
Microsoft Visual Studio Solution File, Format Version 12.00
# Visual Studio Version 17
VisualStudioVersion = 17.5.2.0
MinimumVisualStudioVersion = 10.0.40219.1
Project("{9A19103F-16F7-4668-BE54-9A1E7A4F7556}") = "LibraryManagementSystem", "LibraryManagementSystem\LibraryManagementSystem.csproj", "{5CE6CABE-A96C-4888-B846-0A9A6CF316FD}"
EndProject
Project("{2150E333-8FDC-42A3-9474-1A3956D46DE8}") = "Tests", "Tests", "{0AB3BF05-4346-4AA6-1389-037BE0695223}"
EndProject
Project("{FAE04EC0-301F-11D3-BF4B-00C04F79EFBC}") = "LibraryManagementSystem.UnitTests", "Tests\LibraryManagementSystem.UnitTests\LibraryManagementSystem.UnitTests.csproj", "{96B4A269-DB98-4DED-B82D-705A76400981}"
EndProject
Project("{FAE04EC0-301F-11D3-BF4B-00C04F79EFBC}") = "LibraryManagementSystem.IntegrationTests", "Tests\LibraryManagementSystem.IntegrationTests\LibraryManagementSystem.IntegrationTests.csproj", "{66751A37-28E2-43C0-B45E-10365B441F21}"
EndProject
Global
	GlobalSection(SolutionConfigurationPlatforms) = preSolution
		Debug|Any CPU = Debug|Any CPU
		Debug|x64 = Debug|x64
		Debug|x86 = Debug|x86
		Release|Any CPU = Release|Any CPU
		Release|x64 = Release|x64
		Release|x86 = Release|x86
	EndGlobalSection
	GlobalSection(ProjectConfigurationPlatforms) = postSolution
		{5CE6CABE-A96C-4888-B846-0A9A6CF316FD}.Debug|Any CPU.ActiveCfg = Debug|Any CPU
		{5CE6CABE-A96C-4888-B846-0A9A6CF316FD}.Debug|Any CPU.Build.0 = Debug|Any CPU
		{5CE6CABE-A96C-4888-B846-0A9A6CF316FD}.Debug|x64.ActiveCfg = Debug|Any CPU
		{5CE6CABE-A96C-4888-B846-0A9A6CF316FD}.Debug|x64.Build.0 = Debug|Any CPU
		{5CE6CABE-A96C-4888-B846-0A9A6CF316FD}.Debug|x86.ActiveCfg = Debug|Any CPU
		{5CE6CABE-A96C-4888-B846-0A9A6CF316FD}.Debug|x86.Build.0 = Debug|Any CPU
		{5CE6CABE-A96C-4888-B846-0A9A6CF316FD}.Release|Any CPU.ActiveCfg = Release|Any CPU
		{5CE6CABE-A96C-4888-B846-0A9A6CF316FD}.Release|Any CPU.Build.0 = Release|Any CPU
		{5CE6CABE-A96C-4888-B846-0A9A6CF316FD}.Release|x64.ActiveCfg = Release|Any CPU
		{5CE6CABE-A96C-4888-B846-0A9A6CF316FD}.Release|x64.Build.0 = Release|Any CPU
		{5CE6CABE-A96C-4888-B846-0A9A6CF316FD}.Release|x86.ActiveCfg = Release|Any CPU
		{5CE6CABE-A96C-4888-B846-0A9A6CF316FD}.Release|x86.Build.0 = Release|Any CPU
		{96B4A269-DB98-4DED-B82D-705A76400981}.Debug|Any CPU.ActiveCfg = Debug|Any CPU
		{96B4A269-DB98-4DED-B82D-705A76400981}.Debug|Any CPU.Build.0 = Debug|Any CPU
		{96B4A269-DB98-4DED-B82D-705A76400981}.Debug|x64.ActiveCfg = Debug|Any CPU
		{96B4A269-DB98-4DED-B82D-705A76400981}.Debug|x64.Build.0 = Debug|Any CPU
		{96B4A269-DB98-4DED-B82D-705A76400981}.Debug|x86.ActiveCfg = Debug|Any CPU
		{96B4A269-DB98-4DED-B82D-705A76400981}.Debug|x86.Build.0 = Debug|Any CPU
		{96B4A269-DB98-4DED-B82D-705A76400981}.Release|Any CPU.ActiveCfg = Release|Any CPU
		{96B4A269-DB98-4DED-B82D-705A76400981}.Release|Any CPU.Build.0 = Release|Any CPU
		{96B4A269-DB98-4DED-B82D-705A76400981}.Release|x64.ActiveCfg = Release|Any CPU
		{96B4A269-DB98-4DED-B82D-705A76400981}.Release|x64.Build.0 = Release|Any CPU
		{96B4A269-DB98-4DED-B82D-705A76400981}.Release|x86.ActiveCfg = Release|Any CPU
		{96B4A269-DB98-4DED-B82D-705A76400981}.Release|x86.Build.0 = Release|Any CPU
		{66751A37-28E2-43C0-B45E-10365B441F21}.Debug|Any CPU.ActiveCfg = Debug|Any CPU
		{66751A37-28E2-43C0-B45E-10365B441F21}.Debug|Any CPU.Build.0 = Debug|Any CPU
		{66751A37-28E2-43C0-B45E-10365B441F21}.Debug|x64.ActiveCfg = Debug|Any CPU
		{66751A37-28E2-43C0-B45E-10365B441F21}.Debug|x64.Build.0 = Debug|Any CPU
		{66751A37-28E2-43C0-B45E-10365B441F21}.Debug|x86.ActiveCfg = Debug|Any CPU
		{66751A37-28E2-43C0-B45E-10365B441F21}.Debug|x86.Build.0 = Debug|Any CPU
		{66751A37-28E2-43C0-B45E-10365B441F21}.Release|Any CPU.ActiveCfg = Release|Any CPU
		{66751A37-28E2-43C0-B45E-10365B441F21}.Release|Any CPU.Build.0 = Release|Any CPU
		{66751A37-28E2-43C0-B45E-10365B441F21}.Release|x64.ActiveCfg = Release|Any CPU
		{66751A37-28E2-43C0-B45E-10365B441F21}.Release|x64.Build.0 = Release|Any CPU
		{66751A37-28E2-43C0-B45E-10365B441F21}.Release|x86.ActiveCfg = Release|Any CPU
		{66751A37-28E2-43C0-B45E-10365B441F21}.Release|x86.Build.0 = Release|Any CPU
	EndGlobalSection
	GlobalSection(SolutionProperties) = preSolution
		HideSolutionNode = FALSE
	EndGlobalSection
	GlobalSection(NestedProjects) = preSolution
		{96B4A269-DB98-4DED-B82D-705A76400981} = {0AB3BF05-4346-4AA6-1389-037BE0695223}
		{66751A37-28E2-43C0-B45E-10365B441F21} = {0AB3BF05-4346-4AA6-1389-037BE0695223}
	EndGlobalSection
	GlobalSection(ExtensibilityGlobals) = postSolution
		SolutionGuid = {82685583-D75C-48BB-A0EB-A2B9300E4382}
	EndGlobalSection
EndGlobal
